Microsoft Visual Studio Solution File, Format Version 12.00
# Visual Studio Version 17
VisualStudioVersion = 17.5.2.0
MinimumVisualStudioVersion = 10.0.40219.1
Project("{FAE04EC0-301F-11D3-BF4B-00C04F79EFBC}") = "WarehouseBooking.API", "WarehouseBooking.API.csproj", "{A2672F75-2868-C484-B80D-4BB958C8EC67}"
EndProject
Global
	GlobalSection(SolutionConfigurationPlatforms) = preSolution
		Debug|Any CPU = Debug|Any CPU
		Release|Any CPU = Release|Any CPU
	EndGlobalSection
	GlobalSection(ProjectConfigurationPlatforms) = postSolution
		{A2672F75-2868-C484-B80D-4BB958C8EC67}.Debug|Any CPU.ActiveCfg = Debug|Any CPU
		{A2672F75-2868-C484-B80D-4BB958C8EC67}.Debug|Any CPU.Build.0 = Debug|Any CPU
		{A2672F75-2868-C484-B80D-4BB958C8EC67}.Release|Any CPU.ActiveCfg = Release|Any CPU
		{A2672F75-2868-C484-B80D-4BB958C8EC67}.Release|Any CPU.Build.0 = Release|Any CPU
	EndGlobalSection
	GlobalSection(SolutionProperties) = preSolution
		HideSolutionNode = FALSE
	EndGlobalSection
	GlobalSection(ExtensibilityGlobals) = postSolution
		SolutionGuid = {2C098393-7958-4BDE-BFEA-65F240875540}
	EndGlobalSection
EndGlobal
